
Microsoft Visual Studio Solution File, Format Version 12.00
# Visual Studio Version 16
VisualStudioVersion = 16.0.30128.74
MinimumVisualStudioVersion = 10.0.40219.1
Project("{FAE04EC0-301F-11D3-BF4B-00C04F79EFBC}") = "Prescriptions", "Prescriptions\Prescriptions.csproj", "{1118FC25-E135-4718-9FFC-1B5F316D07C0}"
EndProject
Global
	GlobalSection(SolutionConfigurationPlatforms) = preSolution
		Debug|Any CPU = Debug|Any CPU
		Release|Any CPU = Release|Any CPU
	EndGlobalSection
	GlobalSection(ProjectConfigurationPlatforms) = postSolution
		{1118FC25-E135-4718-9FFC-1B5F316D07C0}.Debug|Any CPU.ActiveCfg = Debug|Any CPU
		{1118FC25-E135-4718-9FFC-1B5F316D07C0}.Debug|Any CPU.Build.0 = Debug|Any CPU
		{1118FC25-E135-4718-9FFC-1B5F316D07C0}.Release|Any CPU.ActiveCfg = Release|Any CPU
		{1118FC25-E135-4718-9FFC-1B5F316D07C0}.Release|Any CPU.Build.0 = Release|Any CPU
	EndGlobalSection
	GlobalSection(SolutionProperties) = preSolution
		HideSolutionNode = FALSE
	EndGlobalSection
	GlobalSection(ExtensibilityGlobals) = postSolution
		SolutionGuid = {7494A38F-A5E7-47C6-AEBA-7FA2D20492D6}
	EndGlobalSection
EndGlobal
